{
  "name": "xhgame_3d_demo",
  "lockfileVersion": 3,
  "requires": true,
  "packages": {
    "": {
      "name": "xhgame_3d_demo",
      "dependencies": {
        "@aixh-cc/xhgame_cocos": "^0.0",
        "@aixh-cc/xhgame_ec_framework": "^1.0"
      },
      "devDependencies": {
        "@types/crypto-js": "^4.2.2",
        "crypto-js": "^4.2.0",
        "node-localstorage": "^3.0.5",
        "poku": "^3.0.1",
        "typescript": "^5.9.3"
      }
    },
    "node_modules/@aixh-cc/xhgame_cocos": {
      "version": "0.0.2",
      "resolved": "https://registry.npmjs.org/@aixh-cc/xhgame_cocos/-/xhgame_cocos-0.0.2.tgz",
      "integrity": "sha512-3fJ3fbCHUX+NclDWncJnvSkC8ILwtXMmvK8aSArVVnG5UmfZ0MchZOH7rt1bJse16pshaWDYSTRO13bzXyLX0g==",
      "license": "MIT",
      "dependencies": {
        "@aixh-cc/xhgame_ec_framework": "^1.0"
      }
    },
    "node_modules/@aixh-cc/xhgame_ec_framework": {
      "version": "1.0.36",
      "license": "MIT"
    },
    "node_modules/@types/crypto-js": {
      "version": "4.2.2",
      "dev": true,
      "license": "MIT"
    },
    "node_modules/crypto-js": {
      "version": "4.2.0",
      "dev": true,
      "license": "MIT"
    },
    "node_modules/imurmurhash": {
      "version": "0.1.4",
      "dev": true,
      "license": "MIT",
      "engines": {
        "node": ">=0.8.19"
      }
    },
    "node_modules/node-localstorage": {
      "version": "3.0.5",
      "dev": true,
      "license": "MIT",
      "dependencies": {
        "write-file-atomic": "^5.0.1"
      },
      "engines": {
        "node": ">=0.12"
      }
    },
    "node_modules/poku": {
      "version": "3.0.2",
      "dev": true,
      "license": "MIT",
      "bin": {
        "poku": "lib/bin/index.js"
      },
      "engines": {
        "bun": ">=1.x.x",
        "deno": ">=1.x.x",
        "node": ">=14.x.x",
        "typescript": ">=5.x.x"
      },
      "funding": {
        "type": "github",
        "url": "https://github.com/sponsors/wellwelwel"
      }
    },
    "node_modules/signal-exit": {
      "version": "4.1.0",
      "dev": true,
      "license": "ISC",
      "engines": {
        "node": ">=14"
      },
      "funding": {
        "url": "https://github.com/sponsors/isaacs"
      }
    },
    "node_modules/typescript": {
      "version": "5.9.3",
      "dev": true,
      "license": "Apache-2.0",
      "bin": {
        "tsc": "bin/tsc",
        "tsserver": "bin/tsserver"
      },
      "engines": {
        "node": ">=14.17"
      }
    },
    "node_modules/write-file-atomic": {
      "version": "5.0.1",
      "dev": true,
      "license": "ISC",
      "dependencies": {
        "imurmurhash": "^0.1.4",
        "signal-exit": "^4.0.1"
      },
      "engines": {
        "node": "^14.17.0 || ^16.13.0 || >=18.0.0"
      }
    }
  }
}
