{
  "name": "xhgame_3d_demo",
  "lockfileVersion": 3,
  "requires": true,
  "packages": {
    "": {
      "name": "xhgame_3d_demo",
      "dependencies": {
        "@aixh-cc/xhgame_ec_framework": "^1.0"
      }
    },
    "node_modules/@aixh-cc/xhgame_ec_framework": {
      "version": "1.0.36",
      "resolved": "https://registry.npmjs.org/@aixh-cc/xhgame_ec_framework/-/xhgame_ec_framework-1.0.36.tgz",
      "integrity": "sha512-Cj8Ef656n4FRW1VwrbYI96wQ8AdAu337auU6GQCWl2adSOSGxPHqfRkiTrHij54o6qocPI8s/1WRygG6NHjGGw==",
      "license": "MIT"
    }
  }
}
